<?xml version="1.0" encoding="utf-8"?>
<Project ToolsVersion="4.0" xmlns="http://schemas.microsoft.com/developer/msbuild/2003">
  <ItemGroup>
    <Filter Include="Headers">
      <UniqueIdentifier>{7bce3b0c-2859-4fc2-9004-53c6dd90b22c}</UniqueIdentifier>
      <Extensions>h;hpp;hxx;hm;inl;fi;fd</Extensions>
    </Filter>
    <Filter Include="Headers\AE">
      <UniqueIdentifier>{12a44093-29c6-4a9a-9130-74bebe3681a4}</UniqueIdentifier>
    </Filter>
    <Filter Include="Resources">
      <UniqueIdentifier>{71490440-ef5a-48eb-a239-11d1e05a7260}</UniqueIdentifier>
      <Extensions>ico;cur;bmp;dlg;rc2;rct;bin;cnt;rtf;gif;jpg;jpeg;jpe</Extensions>
    </Filter>
    <Filter Include="Supporting Code">
      <UniqueIdentifier>{8beaf83a-c0ff-4de3-9165-e79e4ff269f9}</UniqueIdentifier>
    </Filter>
    <Filter Include="CoreSDK">
      <UniqueIdentifier>{967bd3b1-7ba5-4b68-9c60-a69805939dab}</UniqueIdentifier>
    </Filter>
    <Filter Include="CoreLib">
      <UniqueIdentifier>{efcd63b0-9267-4215-b834-ee10a8af538a}</UniqueIdentifier>
    </Filter>
    <Filter Include="PyUtils">
      <UniqueIdentifier>{5aafb1c7-8f0e-4347-bdf0-3329faf70652}</UniqueIdentifier>
    </Filter>
  </ItemGroup>
  <ItemGroup>
    <ClInclude Include="..\PyShiftAE.h">
      <Filter>Headers</Filter>
    </ClInclude>
    <ClInclude Include="..\..\..\Headers\A.h">
      <Filter>Headers\AE</Filter>
    </ClInclude>
    <ClInclude Include="..\..\..\Headers\AE_AdvEffectSuites.h">
      <Filter>Headers\AE</Filter>
    </ClInclude>
    <ClInclude Include="..\..\..\Headers\AE_Effect.h">
      <Filter>Headers\AE</Filter>
    </ClInclude>
    <ClInclude Include="..\..\..\Headers\AE_EffectCB.h">
      <Filter>Headers\AE</Filter>
    </ClInclude>
    <ClInclude Include="..\..\..\Headers\AE_EffectCBSuites.h">
      <Filter>Headers\AE</Filter>
    </ClInclude>
    <ClInclude Include="..\..\..\Headers\AE_EffectSuites.h">
      <Filter>Headers\AE</Filter>
    </ClInclude>
    <ClInclude Include="..\..\..\Headers\AE_EffectSuitesHelper.h">
      <Filter>Headers\AE</Filter>
    </ClInclude>
    <ClInclude Include="..\..\..\Headers\AE_EffectUI.h">
      <Filter>Headers\AE</Filter>
    </ClInclude>
    <ClInclude Include="..\..\..\Headers\AE_GeneralPlug.h">
      <Filter>Headers\AE</Filter>
    </ClInclude>
    <ClInclude Include="..\..\..\Headers\AE_GeneralPlugOld.h">
      <Filter>Headers\AE</Filter>
    </ClInclude>
    <ClInclude Include="..\..\..\Headers\AE_Hook.h">
      <Filter>Headers\AE</Filter>
    </ClInclude>
    <ClInclude Include="..\..\..\Headers\AE_IO.h">
      <Filter>Headers\AE</Filter>
    </ClInclude>
    <ClInclude Include="..\..\..\Headers\AE_Macros.h">
      <Filter>Headers\AE</Filter>
    </ClInclude>
    <ClInclude Include="..\..\..\Util\AEGP_SuiteHandler.h">
      <Filter>Headers\AE</Filter>
    </ClInclude>
    <ClInclude Include="..\..\..\Util\entry.h">
      <Filter>Headers\AE</Filter>
    </ClInclude>
    <ClInclude Include="..\..\..\Headers\FIEL_Public.h">
      <Filter>Headers\AE</Filter>
    </ClInclude>
    <ClInclude Include="..\..\..\Headers\PF_Masks.h">
      <Filter>Headers\AE</Filter>
    </ClInclude>
    <ClInclude Include="..\..\..\Headers\PR_Public.h">
      <Filter>Headers\AE</Filter>
    </ClInclude>
    <ClInclude Include="..\..\..\Util\String_Utils.h">
      <Filter>Headers\AE</Filter>
    </ClInclude>
    <ClInclude Include="..\CoreSDK\Core.h">
      <Filter>CoreSDK</Filter>
    </ClInclude>
    <ClInclude Include="..\CoreSDK\MessageQueue.h">
      <Filter>CoreSDK</Filter>
    </ClInclude>
    <ClInclude Include="..\CoreSDK\PT_Err.h">
      <Filter>CoreSDK</Filter>
    </ClInclude>
    <ClInclude Include="..\CoreSDK\SuiteManager.h">
      <Filter>CoreSDK</Filter>
    </ClInclude>
    <ClInclude Include="..\CoreSDK\TaskUtils.h">
      <Filter>CoreSDK</Filter>
    </ClInclude>
    <ClInclude Include="..\CoreLib\App.h">
      <Filter>CoreLib</Filter>
    </ClInclude>
    <ClInclude Include="..\CoreLib\ItemManager.h">
      <Filter>CoreLib</Filter>
    </ClInclude>
    <ClInclude Include="..\CoreLib\Project.h">
      <Filter>CoreLib</Filter>
    </ClInclude>
    <ClInclude Include="..\CoreLib\PyCore.h">
      <Filter>CoreLib</Filter>
    </ClInclude>
    <ClInclude Include="..\PyUtils\PyLink.h">
      <Filter>PyUtils</Filter>
    </ClInclude>
    <ClInclude Include="..\CoreSDK\CollectionSuites.h">
      <Filter>CoreSDK</Filter>
    </ClInclude>
    <ClInclude Include="..\CoreSDK\CompSuites.h">
      <Filter>CoreSDK</Filter>
    </ClInclude>
    <ClInclude Include="..\CoreSDK\FootageSuites.h">
      <Filter>CoreSDK</Filter>
    </ClInclude>
    <ClInclude Include="..\CoreSDK\ItemSuites.h">
      <Filter>CoreSDK</Filter>
    </ClInclude>
    <ClInclude Include="..\CoreSDK\LayerSuites.h">
      <Filter>CoreSDK</Filter>
    </ClInclude>
    <ClInclude Include="..\CoreSDK\ProjectSuites.h">
      <Filter>CoreSDK</Filter>
    </ClInclude>
    <ClInclude Include="..\CoreSDK\RenderSuites.h">
      <Filter>CoreSDK</Filter>
    </ClInclude>
    <ClInclude Include="..\CoreSDK\RenderOptionsSuites.h">
      <Filter>CoreSDK</Filter>
    </ClInclude>
    <ClInclude Include="..\CoreSDK\WorldSuites.h">
      <Filter>CoreSDK</Filter>
    </ClInclude>
    <ClInclude Include="..\CoreSDK\UtilitySuites.h">
      <Filter>CoreSDK</Filter>
    </ClInclude>
    <ClInclude Include="..\CoreSDK\Utils.h">
      <Filter>CoreSDK</Filter>
    </ClInclude>
    <ClInclude Include="..\CoreSDK\EffectSuites.h">
      <Filter>CoreSDK</Filter>
    </ClInclude>
    <ClInclude Include="..\CoreLib\Json.h">
      <Filter>CoreLib</Filter>
    </ClInclude>
  </ItemGroup>
  <ItemGroup>
    <ClCompile Include="..\..\..\Util\AEGP_SuiteHandler.cpp">
      <Filter>Supporting Code</Filter>
    </ClCompile>
    <ClCompile Include="..\PyShiftAE.cpp" />
    <ClCompile Include="..\..\..\Util\MissingSuiteError.cpp">
      <Filter>Supporting Code</Filter>
    </ClCompile>
    <ClCompile Include="..\CoreSDK\Core.cpp">
      <Filter>CoreSDK</Filter>
    </ClCompile>
    <ClCompile Include="..\CoreLib\App.cpp">
      <Filter>CoreLib</Filter>
    </ClCompile>
    <ClCompile Include="..\CoreLib\ItemManager.cpp">
      <Filter>CoreLib</Filter>
    </ClCompile>
    <ClCompile Include="..\CoreLib\Project.cpp">
      <Filter>CoreLib</Filter>
    </ClCompile>
    <ClCompile Include="..\CoreLib\PyCore.cpp">
      <Filter>CoreLib</Filter>
    </ClCompile>
    <ClCompile Include="..\PyUtils\PyLink.cpp">
      <Filter>PyUtils</Filter>
    </ClCompile>
    <ClCompile Include="..\CoreSDK\CollectionSuites.cpp">
      <Filter>CoreSDK</Filter>
    </ClCompile>
    <ClCompile Include="..\CoreSDK\CompSuites.cpp">
      <Filter>CoreSDK</Filter>
    </ClCompile>
    <ClCompile Include="..\CoreSDK\FootageSuites.cpp">
      <Filter>CoreSDK</Filter>
    </ClCompile>
    <ClCompile Include="..\CoreSDK\ItemSuites.cpp">
      <Filter>CoreSDK</Filter>
    </ClCompile>
    <ClCompile Include="..\CoreSDK\LayerSuites.cpp">
      <Filter>CoreSDK</Filter>
    </ClCompile>
    <ClCompile Include="..\CoreSDK\ProjectSuites.cpp">
      <Filter>CoreSDK</Filter>
    </ClCompile>
    <ClCompile Include="..\CoreSDK\RenderSuites.cpp">
      <Filter>CoreSDK</Filter>
    </ClCompile>
    <ClCompile Include="..\CoreSDK\RenderOptionsSuites.cpp">
      <Filter>CoreSDK</Filter>
    </ClCompile>
    <ClCompile Include="..\CoreSDK\WorldSuites.cpp">
      <Filter>CoreSDK</Filter>
    </ClCompile>
    <ClCompile Include="..\CoreSDK\UtilitySuites.cpp">
      <Filter>CoreSDK</Filter>
    </ClCompile>
    <ClCompile Include="..\CoreSDK\EffectSuites.cpp">
      <Filter>CoreSDK</Filter>
    </ClCompile>
  </ItemGroup>
  <ItemGroup>
    <ResourceCompile Include="PyShiftAE_PiPL.rc">
      <Filter>Resources</Filter>
    </ResourceCompile>
  </ItemGroup>
  <ItemGroup>
    <CustomBuild Include="..\PyShiftAE_PiPL.r">
      <Filter>Resources</Filter>
    </CustomBuild>
  </ItemGroup>
</Project>